{
  "name": "devops-microshop-app",
  "version": "1.0.0",
  "lockfileVersion": 3,
  "requires": true,
  "packages": {
    "": {
      "name": "devops-microshop-app",
      "version": "1.0.0",
      "license": "MIT",
      "dependencies": {
        "express": "^4.19.2"
      },
      "devDependencies": {
        "nodemon": "^3.1.4"
      }
    }
  }
}


